
Microsoft Visual Studio Solution File, Format Version 12.00
# Visual Studio Version 17
VisualStudioVersion = 17.9.34728.123
MinimumVisualStudioVersion = 10.0.40219.1
Project("{FAE04EC0-301F-11D3-BF4B-00C04F79EFBC}") = "Bank Project", "Bank Project.csproj", "{AF71BA0D-73AE-4CC3-9D77-212C6D7EA805}"
EndProject
Project("{FAE04EC0-301F-11D3-BF4B-00C04F79EFBC}") = "business Layer", "business Layer\business Layer\business Layer.csproj", "{395CFFE2-02B8-4F72-AE2A-EB3FB3C67BE7}"
EndProject
Project("{FAE04EC0-301F-11D3-BF4B-00C04F79EFBC}") = "DataAccsesLayer", "DataAccsesLayer\DataAccsesLayer\DataAccsesLayer.csproj", "{6E0B49C7-BF31-4CB6-A9BF-C8ACB31E4629}"
EndProject
Global
	GlobalSection(SolutionConfigurationPlatforms) = preSolution
		Debug|Any CPU = Debug|Any CPU
		Release|Any CPU = Release|Any CPU
	EndGlobalSection
	GlobalSection(ProjectConfigurationPlatforms) = postSolution
		{AF71BA0D-73AE-4CC3-9D77-212C6D7EA805}.Debug|Any CPU.ActiveCfg = Debug|Any CPU
		{AF71BA0D-73AE-4CC3-9D77-212C6D7EA805}.Debug|Any CPU.Build.0 = Debug|Any CPU
		{AF71BA0D-73AE-4CC3-9D77-212C6D7EA805}.Release|Any CPU.ActiveCfg = Release|Any CPU
		{AF71BA0D-73AE-4CC3-9D77-212C6D7EA805}.Release|Any CPU.Build.0 = Release|Any CPU
		{395CFFE2-02B8-4F72-AE2A-EB3FB3C67BE7}.Debug|Any CPU.ActiveCfg = Debug|Any CPU
		{395CFFE2-02B8-4F72-AE2A-EB3FB3C67BE7}.Debug|Any CPU.Build.0 = Debug|Any CPU
		{395CFFE2-02B8-4F72-AE2A-EB3FB3C67BE7}.Release|Any CPU.ActiveCfg = Release|Any CPU
		{395CFFE2-02B8-4F72-AE2A-EB3FB3C67BE7}.Release|Any CPU.Build.0 = Release|Any CPU
		{6E0B49C7-BF31-4CB6-A9BF-C8ACB31E4629}.Debug|Any CPU.ActiveCfg = Debug|Any CPU
		{6E0B49C7-BF31-4CB6-A9BF-C8ACB31E4629}.Debug|Any CPU.Build.0 = Debug|Any CPU
		{6E0B49C7-BF31-4CB6-A9BF-C8ACB31E4629}.Release|Any CPU.ActiveCfg = Release|Any CPU
		{6E0B49C7-BF31-4CB6-A9BF-C8ACB31E4629}.Release|Any CPU.Build.0 = Release|Any CPU
	EndGlobalSection
	GlobalSection(SolutionProperties) = preSolution
		HideSolutionNode = FALSE
	EndGlobalSection
	GlobalSection(ExtensibilityGlobals) = postSolution
		SolutionGuid = {D9FAA728-9F1C-41BB-94A6-E2E329A8CBFA}
	EndGlobalSection
EndGlobal
